// !$*UTF8*$!
{
	archiveVersion = 1;
	classes = {
	};
	objectVersion = 46;
	objects = {

/* Begin PBXBuildFile section */
		D6D73FAF1BF169850038602A /* AppDelegate.swift in Sources */ = {isa = PBXBuildFile; fileRef = D6D73FAE1BF169850038602A /* AppDelegate.swift */; };
		D6D73FB11BF169850038602A /* ViewController.swift in Sources */ = {isa = PBXBuildFile; fileRef = D6D73FB01BF169850038602A /* ViewController.swift */; };
		D6D73FB41BF169850038602A /* Main.storyboard in Resources */ = {isa = PBXBuildFile; fileRef = D6D73FB21BF169850038602A /* Main.storyboard */; };
		D6D73FB61BF169850038602A /* Assets.xcassets in Resources */ = {isa = PBXBuildFile; fileRef = D6D73FB51BF169850038602A /* Assets.xcassets */; };
		D6D73FBE1BF16DB50038602A /* MovieCell.swift in Sources */ = {isa = PBXBuildFile; fileRef = D6D73FBD1BF16DB50038602A /* MovieCell.swift */; };
		D6D73FC01BF181930038602A /* Movie.swift in Sources */ = {isa = PBXBuildFile; fileRef = D6D73FBF1BF181930038602A /* Movie.swift */; };
/* End PBXBuildFile section */

/* Begin PBXFileReference section */
		D6D73FAB1BF169850038602A /* popular-movies-tvOS.app */ = {isa = PBXFileReference; explicitFileType = wrapper.application; includeInIndex = 0; path = "popular-movies-tvOS.app"; sourceTree = BUILT_PRODUCTS_DIR; };
		D6D73FAE1BF169850038602A /* AppDelegate.swift */ = {isa = PBXFileReference; lastKnownFileType = sourcecode.swift; path = AppDelegate.swift; sourceTree = "<group>"; };
		D6D73FB01BF169850038602A /* ViewController.swift */ = {isa = PBXFileReference; lastKnownFileType = sourcecode.swift; path = ViewController.swift; sourceTree = "<group>"; };
		D6D73FB31BF169850038602A /* Base */ = {isa = PBXFileReference; lastKnownFileType = file.storyboard; name = Base; path = Base.lproj/Main.storyboard; sourceTree = "<group>"; };
		D6D73FB51BF169850038602A /* Assets.xcassets */ = {isa = PBXFileReference; lastKnownFileType = folder.assetcatalog; path = Assets.xcassets; sourceTree = "<group>"; };
		D6D73FB71BF169850038602A /* Info.plist */ = {isa = PBXFileReference; lastKnownFileType = text.plist.xml; path = Info.plist; sourceTree = "<group>"; };
		D6D73FBD1BF16DB50038602A /* MovieCell.swift */ = {isa = PBXFileReference; fileEncoding = 4; lastKnownFileType = sourcecode.swift; path = MovieCell.swift; sourceTree = "<group>"; };
		D6D73FBF1BF181930038602A /* Movie.swift */ = {isa = PBXFileReference; fileEncoding = 4; lastKnownFileType = sourcecode.swift; path = Movie.swift; sourceTree = "<group>"; };
/* End PBXFileReference section */

/* Begin PBXFrameworksBuildPhase section */
		D6D73FA81BF169850038602A /* Frameworks */ = {
			isa = PBXFrameworksBuildPhase;
			buildActionMask = 2147483647;
			files = (
			);
			runOnlyForDeploymentPostprocessing = 0;
		};
/* End PBXFrameworksBuildPhase section */

/* Begin PBXGroup section */
		D6D73FA21BF169850038602A = {
			isa = PBXGroup;
			children = (
				D6D73FAD1BF169850038602A /* popular-movies-tvOS */,
				D6D73FAC1BF169850038602A /* Products */,
			);
			sourceTree = "<group>";
		};
		D6D73FAC1BF169850038602A /* Products */ = {
			isa = PBXGroup;
			children = (
				D6D73FAB1BF169850038602A /* popular-movies-tvOS.app */,
			);
			name = Products;
			sourceTree = "<group>";
		};
		D6D73FAD1BF169850038602A /* popular-movies-tvOS */ = {
			isa = PBXGroup;
			children = (
				D6D73FAE1BF169850038602A /* AppDelegate.swift */,
				D6D73FB01BF169850038602A /* ViewController.swift */,
				D6D73FB21BF169850038602A /* Main.storyboard */,
				D6D73FB51BF169850038602A /* Assets.xcassets */,
				D6D73FB71BF169850038602A /* Info.plist */,
				D6D73FBD1BF16DB50038602A /* MovieCell.swift */,
				D6D73FBF1BF181930038602A /* Movie.swift */,
			);
			path = "popular-movies-tvOS";
			sourceTree = "<group>";
		};
/* End PBXGroup section */

/* Begin PBXNativeTarget section */
		D6D73FAA1BF169850038602A /* popular-movies-tvOS */ = {
			isa = PBXNativeTarget;
			buildConfigurationList = D6D73FBA1BF169850038602A /* Build configuration list for PBXNativeTarget "popular-movies-tvOS" */;
			buildPhases = (
				D6D73FA71BF169850038602A /* Sources */,
				D6D73FA81BF169850038602A /* Frameworks */,
				D6D73FA91BF169850038602A /* Resources */,
			);
			buildRules = (
			);
			dependencies = (
			);
			name = "popular-movies-tvOS";
			productName = "popular-movies-tvOS";
			productReference = D6D73FAB1BF169850038602A /* popular-movies-tvOS.app */;
			productType = "com.apple.product-type.application";
		};
/* End PBXNativeTarget section */

/* Begin PBXProject section */
		D6D73FA31BF169850038602A /* Project object */ = {
			isa = PBXProject;
			attributes = {
				LastSwiftUpdateCheck = 0710;
				LastUpgradeCheck = 0710;
				ORGANIZATIONNAME = Kodyw;
				TargetAttributes = {
					D6D73FAA1BF169850038602A = {
						CreatedOnToolsVersion = 7.1;
					};
				};
			};
			buildConfigurationList = D6D73FA61BF169850038602A /* Build configuration list for PBXProject "popular-movies-tvOS" */;
			compatibilityVersion = "Xcode 3.2";
			developmentRegion = English;
			hasScannedForEncodings = 0;
			knownRegions = (
				en,
				Base,
			);
			mainGroup = D6D73FA21BF169850038602A;
			productRefGroup = D6D73FAC1BF169850038602A /* Products */;
			projectDirPath = "";
			projectRoot = "";
			targets = (
				D6D73FAA1BF169850038602A /* popular-movies-tvOS */,
			);
		};
/* End PBXProject section */

/* Begin PBXResourcesBuildPhase section */
		D6D73FA91BF169850038602A /* Resources */ = {
			isa = PBXResourcesBuildPhase;
			buildActionMask = 2147483647;
			files = (
				D6D73FB61BF169850038602A /* Assets.xcassets in Resources */,
				D6D73FB41BF169850038602A /* Main.storyboard in Resources */,
			);
			runOnlyForDeploymentPostprocessing = 0;
		};
/* End PBXResourcesBuildPhase section */

/* Begin PBXSourcesBuildPhase section */
		D6D73FA71BF169850038602A /* Sources */ = {
			isa = PBXSourcesBuildPhase;
			buildActionMask = 2147483647;
			files = (
				D6D73FB11BF169850038602A /* ViewController.swift in Sources */,
				D6D73FAF1BF169850038602A /* AppDelegate.swift in Sources */,
				D6D73FC01BF181930038602A /* Movie.swift in Sources */,
				D6D73FBE1BF16DB50038602A /* MovieCell.swift in Sources */,
			);
			runOnlyForDeploymentPostprocessing = 0;
		};
/* End PBXSourcesBuildPhase section */

/* Begin PBXVariantGroup section */
		D6D73FB21BF169850038602A /* Main.storyboard */ = {
			isa = PBXVariantGroup;
			children = (
				D6D73FB31BF169850038602A /* Base */,
			);
			name = Main.storyboard;
			sourceTree = "<group>";
		};
/* End PBXVariantGroup section */

/* Begin XCBuildConfiguration section */
		D6D73FB81BF169850038602A /* Debug */ = {
			isa = XCBuildConfiguration;
			buildSettings = {
				ALWAYS_SEARCH_USER_PATHS = NO;
				CLANG_CXX_LANGUAGE_STANDARD = "gnu++0x";
				CLANG_CXX_LIBRARY = "libc++";
				CLANG_ENABLE_MODULES = YES;
				CLANG_ENABLE_OBJC_ARC = YES;
				CLANG_WARN_BOOL_CONVERSION = YES;
				CLANG_WARN_CONSTANT_CONVERSION = YES;
				CLANG_WARN_DIRECT_OBJC_ISA_USAGE = YES_ERROR;
				CLANG_WARN_EMPTY_BODY = YES;
				CLANG_WARN_ENUM_CONVERSION = YES;
				CLANG_WARN_INT_CONVERSION = YES;
				CLANG_WARN_OBJC_ROOT_CLASS = YES_ERROR;
				CLANG_WARN_UNREACHABLE_CODE = YES;
				CLANG_WARN__DUPLICATE_METHOD_MATCH = YES;
				COPY_PHASE_STRIP = NO;
				DEBUG_INFORMATION_FORMAT = dwarf;
				ENABLE_STRICT_OBJC_MSGSEND = YES;
				ENABLE_TESTABILITY = YES;
				GCC_C_LANGUAGE_STANDARD = gnu99;
				GCC_DYNAMIC_NO_PIC = NO;
				GCC_NO_COMMON_BLOCKS = YES;
				GCC_OPTIMIZATION_LEVEL = 0;
				GCC_PREPROCESSOR_DEFINITIONS = (
					"DEBUG=1",
					"$(inherited)",
				);
				GCC_WARN_64_TO_32_BIT_CONVERSION = YES;
				GCC_WARN_ABOUT_RETURN_TYPE = YES_ERROR;
				GCC_WARN_UNDECLARED_SELECTOR = YES;
				GCC_WARN_UNINITIALIZED_AUTOS = YES_AGGRESSIVE;
				GCC_WARN_UNUSED_FUNCTION = YES;
				GCC_WARN_UNUSED_VARIABLE = YES;
				MTL_ENABLE_DEBUG_INFO = YES;
				ONLY_ACTIVE_ARCH = YES;
				SDKROOT = appletvos;
				SWIFT_OPTIMIZATION_LEVEL = "-Onone";
				TARGETED_DEVICE_FAMILY = 3;
				TVOS_DEPLOYMENT_TARGET = 9.0;
			};
			name = Debug;
		};
		D6D73FB91BF169850038602A /* Release */ = {
			isa = XCBuildConfiguration;
			buildSettings = {
				ALWAYS_SEARCH_USER_PATHS = NO;
				CLANG_CXX_LANGUAGE_STANDARD = "gnu++0x";
				CLANG_CXX_LIBRARY = "libc++";
				CLANG_ENABLE_MODULES = YES;
				CLANG_ENABLE_OBJC_ARC = YES;
				CLANG_WARN_BOOL_CONVERSION = YES;
				CLANG_WARN_CONSTANT_CONVERSION = YES;
				CLANG_WARN_DIRECT_OBJC_ISA_USAGE = YES_ERROR;
				CLANG_WARN_EMPTY_BODY = YES;
				CLANG_WARN_ENUM_CONVERSION = YES;
				CLANG_WARN_INT_CONVERSION = YES;
				CLANG_WARN_OBJC_ROOT_CLASS = YES_ERROR;
				CLANG_WARN_UNREACHABLE_CODE = YES;
				CLANG_WARN__DUPLICATE_METHOD_MATCH = YES;
				COPY_PHASE_STRIP = NO;
				DEBUG_INFORMATION_FORMAT = "dwarf-with-dsym";
				ENABLE_NS_ASSERTIONS = NO;
				ENABLE_STRICT_OBJC_MSGSEND = YES;
				GCC_C_LANGUAGE_STANDARD = gnu99;
				GCC_NO_COMMON_BLOCKS = YES;
				GCC_WARN_64_TO_32_BIT_CONVERSION = YES;
				GCC_WARN_ABOUT_RETURN_TYPE = YES_ERROR;
				GCC_WARN_UNDECLARED_SELECTOR = YES;
				GCC_WARN_UNINITIALIZED_AUTOS = YES_AGGRESSIVE;
				GCC_WARN_UNUSED_FUNCTION = YES;
				GCC_WARN_UNUSED_VARIABLE = YES;
				MTL_ENABLE_DEBUG_INFO = NO;
				SDKROOT = appletvos;
				TARGETED_DEVICE_FAMILY = 3;
				TVOS_DEPLOYMENT_TARGET = 9.0;
				VALIDATE_PRODUCT = YES;
			};
			name = Release;
		};
		D6D73FBB1BF169850038602A /* Debug */ = {
			isa = XCBuildConfiguration;
			buildSettings = {
				ASSETCATALOG_COMPILER_APPICON_NAME = "App Icon & Top Shelf Image";
				ASSETCATALOG_COMPILER_LAUNCHIMAGE_NAME = LaunchImage;
				CODE_SIGN_IDENTITY = "iPhone Developer";
				INFOPLIST_FILE = "popular-movies-tvOS/Info.plist";
				LD_RUNPATH_SEARCH_PATHS = "$(inherited) @executable_path/Frameworks";
				PRODUCT_BUNDLE_IDENTIFIER = "com.Kodyw.popular-movies-tvOS";
				PRODUCT_NAME = "$(TARGET_NAME)";
			};
			name = Debug;
		};
		D6D73FBC1BF169850038602A /* Release */ = {
			isa = XCBuildConfiguration;
			buildSettings = {
				ASSETCATALOG_COMPILER_APPICON_NAME = "App Icon & Top Shelf Image";
				ASSETCATALOG_COMPILER_LAUNCHIMAGE_NAME = LaunchImage;
				CODE_SIGN_IDENTITY = "iPhone Developer";
				INFOPLIST_FILE = "popular-movies-tvOS/Info.plist";
				LD_RUNPATH_SEARCH_PATHS = "$(inherited) @executable_path/Frameworks";
				PRODUCT_BUNDLE_IDENTIFIER = "com.Kodyw.popular-movies-tvOS";
				PRODUCT_NAME = "$(TARGET_NAME)";
			};
			name = Release;
		};
/* End XCBuildConfiguration section */

/* Begin XCConfigurationList section */
		D6D73FA61BF169850038602A /* Build configuration list for PBXProject "popular-movies-tvOS" */ = {
			isa = XCConfigurationList;
			buildConfigurations = (
				D6D73FB81BF169850038602A /* Debug */,
				D6D73FB91BF169850038602A /* Release */,
			);
			defaultConfigurationIsVisible = 0;
			defaultConfigurationName = Release;
		};
		D6D73FBA1BF169850038602A /* Build configuration list for PBXNativeTarget "popular-movies-tvOS" */ = {
			isa = XCConfigurationList;
			buildConfigurations = (
				D6D73FBB1BF169850038602A /* Debug */,
				D6D73FBC1BF169850038602A /* Release */,
			);
			defaultConfigurationIsVisible = 0;
			defaultConfigurationName = Release;
		};
/* End XCConfigurationList section */
	};
	rootObject = D6D73FA31BF169850038602A /* Project object */;
}
