// !$*UTF8*$!
{
	archiveVersion = 1;
	classes = {
	};
	objectVersion = 46;
	objects = {

/* Begin PBXBuildFile section */
		D6A304291BEA899900021C9E /* AppDelegate.swift in Sources */ = {isa = PBXBuildFile; fileRef = D6A304281BEA899900021C9E /* AppDelegate.swift */; };
		D6A3042B1BEA899900021C9E /* ViewController.swift in Sources */ = {isa = PBXBuildFile; fileRef = D6A3042A1BEA899900021C9E /* ViewController.swift */; };
		D6A3042E1BEA899900021C9E /* Main.storyboard in Resources */ = {isa = PBXBuildFile; fileRef = D6A3042C1BEA899900021C9E /* Main.storyboard */; };
		D6A304301BEA899900021C9E /* Assets.xcassets in Resources */ = {isa = PBXBuildFile; fileRef = D6A3042F1BEA899900021C9E /* Assets.xcassets */; };
/* End PBXBuildFile section */

/* Begin PBXFileReference section */
		D6A304251BEA899800021C9E /* ButtonBun.app */ = {isa = PBXFileReference; explicitFileType = wrapper.application; includeInIndex = 0; path = ButtonBun.app; sourceTree = BUILT_PRODUCTS_DIR; };
		D6A304281BEA899900021C9E /* AppDelegate.swift */ = {isa = PBXFileReference; lastKnownFileType = sourcecode.swift; path = AppDelegate.swift; sourceTree = "<group>"; };
		D6A3042A1BEA899900021C9E /* ViewController.swift */ = {isa = PBXFileReference; lastKnownFileType = sourcecode.swift; path = ViewController.swift; sourceTree = "<group>"; };
		D6A3042D1BEA899900021C9E /* Base */ = {isa = PBXFileReference; lastKnownFileType = file.storyboard; name = Base; path = Base.lproj/Main.storyboard; sourceTree = "<group>"; };
		D6A3042F1BEA899900021C9E /* Assets.xcassets */ = {isa = PBXFileReference; lastKnownFileType = folder.assetcatalog; path = Assets.xcassets; sourceTree = "<group>"; };
		D6A304311BEA899900021C9E /* Info.plist */ = {isa = PBXFileReference; lastKnownFileType = text.plist.xml; path = Info.plist; sourceTree = "<group>"; };
/* End PBXFileReference section */

/* Begin PBXFrameworksBuildPhase section */
		D6A304221BEA899800021C9E /* Frameworks */ = {
			isa = PBXFrameworksBuildPhase;
			buildActionMask = 2147483647;
			files = (
			);
			runOnlyForDeploymentPostprocessing = 0;
		};
/* End PBXFrameworksBuildPhase section */

/* Begin PBXGroup section */
		D6A3041C1BEA899800021C9E = {
			isa = PBXGroup;
			children = (
				D6A304271BEA899900021C9E /* ButtonBun */,
				D6A304261BEA899800021C9E /* Products */,
			);
			sourceTree = "<group>";
		};
		D6A304261BEA899800021C9E /* Products */ = {
			isa = PBXGroup;
			children = (
				D6A304251BEA899800021C9E /* ButtonBun.app */,
			);
			name = Products;
			sourceTree = "<group>";
		};
		D6A304271BEA899900021C9E /* ButtonBun */ = {
			isa = PBXGroup;
			children = (
				D6A304281BEA899900021C9E /* AppDelegate.swift */,
				D6A3042A1BEA899900021C9E /* ViewController.swift */,
				D6A3042C1BEA899900021C9E /* Main.storyboard */,
				D6A3042F1BEA899900021C9E /* Assets.xcassets */,
				D6A304311BEA899900021C9E /* Info.plist */,
			);
			path = ButtonBun;
			sourceTree = "<group>";
		};
/* End PBXGroup section */

/* Begin PBXNativeTarget section */
		D6A304241BEA899800021C9E /* ButtonBun */ = {
			isa = PBXNativeTarget;
			buildConfigurationList = D6A304341BEA899900021C9E /* Build configuration list for PBXNativeTarget "ButtonBun" */;
			buildPhases = (
				D6A304211BEA899800021C9E /* Sources */,
				D6A304221BEA899800021C9E /* Frameworks */,
				D6A304231BEA899800021C9E /* Resources */,
			);
			buildRules = (
			);
			dependencies = (
			);
			name = ButtonBun;
			productName = ButtonBun;
			productReference = D6A304251BEA899800021C9E /* ButtonBun.app */;
			productType = "com.apple.product-type.application";
		};
/* End PBXNativeTarget section */

/* Begin PBXProject section */
		D6A3041D1BEA899800021C9E /* Project object */ = {
			isa = PBXProject;
			attributes = {
				LastSwiftUpdateCheck = 0710;
				LastUpgradeCheck = 0710;
				ORGANIZATIONNAME = Kodyw;
				TargetAttributes = {
					D6A304241BEA899800021C9E = {
						CreatedOnToolsVersion = 7.1;
						DevelopmentTeam = V8383NT6BX;
					};
				};
			};
			buildConfigurationList = D6A304201BEA899800021C9E /* Build configuration list for PBXProject "ButtonBun" */;
			compatibilityVersion = "Xcode 3.2";
			developmentRegion = English;
			hasScannedForEncodings = 0;
			knownRegions = (
				en,
				Base,
			);
			mainGroup = D6A3041C1BEA899800021C9E;
			productRefGroup = D6A304261BEA899800021C9E /* Products */;
			projectDirPath = "";
			projectRoot = "";
			targets = (
				D6A304241BEA899800021C9E /* ButtonBun */,
			);
		};
/* End PBXProject section */

/* Begin PBXResourcesBuildPhase section */
		D6A304231BEA899800021C9E /* Resources */ = {
			isa = PBXResourcesBuildPhase;
			buildActionMask = 2147483647;
			files = (
				D6A304301BEA899900021C9E /* Assets.xcassets in Resources */,
				D6A3042E1BEA899900021C9E /* Main.storyboard in Resources */,
			);
			runOnlyForDeploymentPostprocessing = 0;
		};
/* End PBXResourcesBuildPhase section */

/* Begin PBXSourcesBuildPhase section */
		D6A304211BEA899800021C9E /* Sources */ = {
			isa = PBXSourcesBuildPhase;
			buildActionMask = 2147483647;
			files = (
				D6A3042B1BEA899900021C9E /* ViewController.swift in Sources */,
				D6A304291BEA899900021C9E /* AppDelegate.swift in Sources */,
			);
			runOnlyForDeploymentPostprocessing = 0;
		};
/* End PBXSourcesBuildPhase section */

/* Begin PBXVariantGroup section */
		D6A3042C1BEA899900021C9E /* Main.storyboard */ = {
			isa = PBXVariantGroup;
			children = (
				D6A3042D1BEA899900021C9E /* Base */,
			);
			name = Main.storyboard;
			sourceTree = "<group>";
		};
/* End PBXVariantGroup section */

/* Begin XCBuildConfiguration section */
		D6A304321BEA899900021C9E /* Debug */ = {
			isa = XCBuildConfiguration;
			buildSettings = {
				ALWAYS_SEARCH_USER_PATHS = NO;
				CLANG_CXX_LANGUAGE_STANDARD = "gnu++0x";
				CLANG_CXX_LIBRARY = "libc++";
				CLANG_ENABLE_MODULES = YES;
				CLANG_ENABLE_OBJC_ARC = YES;
				CLANG_WARN_BOOL_CONVERSION = YES;
				CLANG_WARN_CONSTANT_CONVERSION = YES;
				CLANG_WARN_DIRECT_OBJC_ISA_USAGE = YES_ERROR;
				CLANG_WARN_EMPTY_BODY = YES;
				CLANG_WARN_ENUM_CONVERSION = YES;
				CLANG_WARN_INT_CONVERSION = YES;
				CLANG_WARN_OBJC_ROOT_CLASS = YES_ERROR;
				CLANG_WARN_UNREACHABLE_CODE = YES;
				CLANG_WARN__DUPLICATE_METHOD_MATCH = YES;
				COPY_PHASE_STRIP = NO;
				DEBUG_INFORMATION_FORMAT = dwarf;
				ENABLE_STRICT_OBJC_MSGSEND = YES;
				ENABLE_TESTABILITY = YES;
				GCC_C_LANGUAGE_STANDARD = gnu99;
				GCC_DYNAMIC_NO_PIC = NO;
				GCC_NO_COMMON_BLOCKS = YES;
				GCC_OPTIMIZATION_LEVEL = 0;
				GCC_PREPROCESSOR_DEFINITIONS = (
					"DEBUG=1",
					"$(inherited)",
				);
				GCC_WARN_64_TO_32_BIT_CONVERSION = YES;
				GCC_WARN_ABOUT_RETURN_TYPE = YES_ERROR;
				GCC_WARN_UNDECLARED_SELECTOR = YES;
				GCC_WARN_UNINITIALIZED_AUTOS = YES_AGGRESSIVE;
				GCC_WARN_UNUSED_FUNCTION = YES;
				GCC_WARN_UNUSED_VARIABLE = YES;
				MTL_ENABLE_DEBUG_INFO = YES;
				ONLY_ACTIVE_ARCH = YES;
				SDKROOT = appletvos;
				SWIFT_OPTIMIZATION_LEVEL = "-Onone";
				TARGETED_DEVICE_FAMILY = 3;
				TVOS_DEPLOYMENT_TARGET = 9.0;
			};
			name = Debug;
		};
		D6A304331BEA899900021C9E /* Release */ = {
			isa = XCBuildConfiguration;
			buildSettings = {
				ALWAYS_SEARCH_USER_PATHS = NO;
				CLANG_CXX_LANGUAGE_STANDARD = "gnu++0x";
				CLANG_CXX_LIBRARY = "libc++";
				CLANG_ENABLE_MODULES = YES;
				CLANG_ENABLE_OBJC_ARC = YES;
				CLANG_WARN_BOOL_CONVERSION = YES;
				CLANG_WARN_CONSTANT_CONVERSION = YES;
				CLANG_WARN_DIRECT_OBJC_ISA_USAGE = YES_ERROR;
				CLANG_WARN_EMPTY_BODY = YES;
				CLANG_WARN_ENUM_CONVERSION = YES;
				CLANG_WARN_INT_CONVERSION = YES;
				CLANG_WARN_OBJC_ROOT_CLASS = YES_ERROR;
				CLANG_WARN_UNREACHABLE_CODE = YES;
				CLANG_WARN__DUPLICATE_METHOD_MATCH = YES;
				COPY_PHASE_STRIP = NO;
				DEBUG_INFORMATION_FORMAT = "dwarf-with-dsym";
				ENABLE_NS_ASSERTIONS = NO;
				ENABLE_STRICT_OBJC_MSGSEND = YES;
				GCC_C_LANGUAGE_STANDARD = gnu99;
				GCC_NO_COMMON_BLOCKS = YES;
				GCC_WARN_64_TO_32_BIT_CONVERSION = YES;
				GCC_WARN_ABOUT_RETURN_TYPE = YES_ERROR;
				GCC_WARN_UNDECLARED_SELECTOR = YES;
				GCC_WARN_UNINITIALIZED_AUTOS = YES_AGGRESSIVE;
				GCC_WARN_UNUSED_FUNCTION = YES;
				GCC_WARN_UNUSED_VARIABLE = YES;
				MTL_ENABLE_DEBUG_INFO = NO;
				SDKROOT = appletvos;
				TARGETED_DEVICE_FAMILY = 3;
				TVOS_DEPLOYMENT_TARGET = 9.0;
				VALIDATE_PRODUCT = YES;
			};
			name = Release;
		};
		D6A304351BEA899900021C9E /* Debug */ = {
			isa = XCBuildConfiguration;
			buildSettings = {
				ASSETCATALOG_COMPILER_APPICON_NAME = "App Icon & Top Shelf Image";
				ASSETCATALOG_COMPILER_LAUNCHIMAGE_NAME = LaunchImage;
				INFOPLIST_FILE = ButtonBun/Info.plist;
				LD_RUNPATH_SEARCH_PATHS = "$(inherited) @executable_path/Frameworks";
				PRODUCT_BUNDLE_IDENTIFIER = com.Kodyw.ButtonBun;
				PRODUCT_NAME = "$(TARGET_NAME)";
			};
			name = Debug;
		};
		D6A304361BEA899900021C9E /* Release */ = {
			isa = XCBuildConfiguration;
			buildSettings = {
				ASSETCATALOG_COMPILER_APPICON_NAME = "App Icon & Top Shelf Image";
				ASSETCATALOG_COMPILER_LAUNCHIMAGE_NAME = LaunchImage;
				INFOPLIST_FILE = ButtonBun/Info.plist;
				LD_RUNPATH_SEARCH_PATHS = "$(inherited) @executable_path/Frameworks";
				PRODUCT_BUNDLE_IDENTIFIER = com.Kodyw.ButtonBun;
				PRODUCT_NAME = "$(TARGET_NAME)";
			};
			name = Release;
		};
/* End XCBuildConfiguration section */

/* Begin XCConfigurationList section */
		D6A304201BEA899800021C9E /* Build configuration list for PBXProject "ButtonBun" */ = {
			isa = XCConfigurationList;
			buildConfigurations = (
				D6A304321BEA899900021C9E /* Debug */,
				D6A304331BEA899900021C9E /* Release */,
			);
			defaultConfigurationIsVisible = 0;
			defaultConfigurationName = Release;
		};
		D6A304341BEA899900021C9E /* Build configuration list for PBXNativeTarget "ButtonBun" */ = {
			isa = XCConfigurationList;
			buildConfigurations = (
				D6A304351BEA899900021C9E /* Debug */,
				D6A304361BEA899900021C9E /* Release */,
			);
			defaultConfigurationIsVisible = 0;
		};
/* End XCConfigurationList section */
	};
	rootObject = D6A3041D1BEA899800021C9E /* Project object */;
}
