// !$*UTF8*$!
{
	archiveVersion = 1;
	classes = {
	};
	objectVersion = 46;
	objects = {

/* Begin PBXBuildFile section */
		D698C62B1BE04D3600049AC3 /* AppDelegate.swift in Sources */ = {isa = PBXBuildFile; fileRef = D698C62A1BE04D3600049AC3 /* AppDelegate.swift */; };
		D698C62D1BE04D3600049AC3 /* ViewController.swift in Sources */ = {isa = PBXBuildFile; fileRef = D698C62C1BE04D3600049AC3 /* ViewController.swift */; };
		D698C6301BE04D3600049AC3 /* Main.storyboard in Resources */ = {isa = PBXBuildFile; fileRef = D698C62E1BE04D3600049AC3 /* Main.storyboard */; };
		D698C6321BE04D3600049AC3 /* Assets.xcassets in Resources */ = {isa = PBXBuildFile; fileRef = D698C6311BE04D3600049AC3 /* Assets.xcassets */; };
		D698C6351BE04D3600049AC3 /* LaunchScreen.storyboard in Resources */ = {isa = PBXBuildFile; fileRef = D698C6331BE04D3600049AC3 /* LaunchScreen.storyboard */; };
/* End PBXBuildFile section */

/* Begin PBXFileReference section */
		D698C6271BE04D3600049AC3 /* GuessTheNumber.app */ = {isa = PBXFileReference; explicitFileType = wrapper.application; includeInIndex = 0; path = GuessTheNumber.app; sourceTree = BUILT_PRODUCTS_DIR; };
		D698C62A1BE04D3600049AC3 /* AppDelegate.swift */ = {isa = PBXFileReference; lastKnownFileType = sourcecode.swift; path = AppDelegate.swift; sourceTree = "<group>"; };
		D698C62C1BE04D3600049AC3 /* ViewController.swift */ = {isa = PBXFileReference; lastKnownFileType = sourcecode.swift; path = ViewController.swift; sourceTree = "<group>"; };
		D698C62F1BE04D3600049AC3 /* Base */ = {isa = PBXFileReference; lastKnownFileType = file.storyboard; name = Base; path = Base.lproj/Main.storyboard; sourceTree = "<group>"; };
		D698C6311BE04D3600049AC3 /* Assets.xcassets */ = {isa = PBXFileReference; lastKnownFileType = folder.assetcatalog; path = Assets.xcassets; sourceTree = "<group>"; };
		D698C6341BE04D3600049AC3 /* Base */ = {isa = PBXFileReference; lastKnownFileType = file.storyboard; name = Base; path = Base.lproj/LaunchScreen.storyboard; sourceTree = "<group>"; };
		D698C6361BE04D3600049AC3 /* Info.plist */ = {isa = PBXFileReference; lastKnownFileType = text.plist.xml; path = Info.plist; sourceTree = "<group>"; };
/* End PBXFileReference section */

/* Begin PBXFrameworksBuildPhase section */
		D698C6241BE04D3600049AC3 /* Frameworks */ = {
			isa = PBXFrameworksBuildPhase;
			buildActionMask = 2147483647;
			files = (
			);
			runOnlyForDeploymentPostprocessing = 0;
		};
/* End PBXFrameworksBuildPhase section */

/* Begin PBXGroup section */
		D698C61E1BE04D3600049AC3 = {
			isa = PBXGroup;
			children = (
				D698C6291BE04D3600049AC3 /* GuessTheNumber */,
				D698C6281BE04D3600049AC3 /* Products */,
			);
			sourceTree = "<group>";
		};
		D698C6281BE04D3600049AC3 /* Products */ = {
			isa = PBXGroup;
			children = (
				D698C6271BE04D3600049AC3 /* GuessTheNumber.app */,
			);
			name = Products;
			sourceTree = "<group>";
		};
		D698C6291BE04D3600049AC3 /* GuessTheNumber */ = {
			isa = PBXGroup;
			children = (
				D698C62A1BE04D3600049AC3 /* AppDelegate.swift */,
				D698C62C1BE04D3600049AC3 /* ViewController.swift */,
				D698C62E1BE04D3600049AC3 /* Main.storyboard */,
				D698C6311BE04D3600049AC3 /* Assets.xcassets */,
				D698C6331BE04D3600049AC3 /* LaunchScreen.storyboard */,
				D698C6361BE04D3600049AC3 /* Info.plist */,
			);
			path = GuessTheNumber;
			sourceTree = "<group>";
		};
/* End PBXGroup section */

/* Begin PBXNativeTarget section */
		D698C6261BE04D3600049AC3 /* GuessTheNumber */ = {
			isa = PBXNativeTarget;
			buildConfigurationList = D698C6391BE04D3600049AC3 /* Build configuration list for PBXNativeTarget "GuessTheNumber" */;
			buildPhases = (
				D698C6231BE04D3600049AC3 /* Sources */,
				D698C6241BE04D3600049AC3 /* Frameworks */,
				D698C6251BE04D3600049AC3 /* Resources */,
			);
			buildRules = (
			);
			dependencies = (
			);
			name = GuessTheNumber;
			productName = GuessTheNumber;
			productReference = D698C6271BE04D3600049AC3 /* GuessTheNumber.app */;
			productType = "com.apple.product-type.application";
		};
/* End PBXNativeTarget section */

/* Begin PBXProject section */
		D698C61F1BE04D3600049AC3 /* Project object */ = {
			isa = PBXProject;
			attributes = {
				LastSwiftUpdateCheck = 0710;
				LastUpgradeCheck = 0710;
				ORGANIZATIONNAME = Kodyw;
				TargetAttributes = {
					D698C6261BE04D3600049AC3 = {
						CreatedOnToolsVersion = 7.1;
						DevelopmentTeam = V8383NT6BX;
					};
				};
			};
			buildConfigurationList = D698C6221BE04D3600049AC3 /* Build configuration list for PBXProject "GuessTheNumber" */;
			compatibilityVersion = "Xcode 3.2";
			developmentRegion = English;
			hasScannedForEncodings = 0;
			knownRegions = (
				en,
				Base,
			);
			mainGroup = D698C61E1BE04D3600049AC3;
			productRefGroup = D698C6281BE04D3600049AC3 /* Products */;
			projectDirPath = "";
			projectRoot = "";
			targets = (
				D698C6261BE04D3600049AC3 /* GuessTheNumber */,
			);
		};
/* End PBXProject section */

/* Begin PBXResourcesBuildPhase section */
		D698C6251BE04D3600049AC3 /* Resources */ = {
			isa = PBXResourcesBuildPhase;
			buildActionMask = 2147483647;
			files = (
				D698C6351BE04D3600049AC3 /* LaunchScreen.storyboard in Resources */,
				D698C6321BE04D3600049AC3 /* Assets.xcassets in Resources */,
				D698C6301BE04D3600049AC3 /* Main.storyboard in Resources */,
			);
			runOnlyForDeploymentPostprocessing = 0;
		};
/* End PBXResourcesBuildPhase section */

/* Begin PBXSourcesBuildPhase section */
		D698C6231BE04D3600049AC3 /* Sources */ = {
			isa = PBXSourcesBuildPhase;
			buildActionMask = 2147483647;
			files = (
				D698C62D1BE04D3600049AC3 /* ViewController.swift in Sources */,
				D698C62B1BE04D3600049AC3 /* AppDelegate.swift in Sources */,
			);
			runOnlyForDeploymentPostprocessing = 0;
		};
/* End PBXSourcesBuildPhase section */

/* Begin PBXVariantGroup section */
		D698C62E1BE04D3600049AC3 /* Main.storyboard */ = {
			isa = PBXVariantGroup;
			children = (
				D698C62F1BE04D3600049AC3 /* Base */,
			);
			name = Main.storyboard;
			sourceTree = "<group>";
		};
		D698C6331BE04D3600049AC3 /* LaunchScreen.storyboard */ = {
			isa = PBXVariantGroup;
			children = (
				D698C6341BE04D3600049AC3 /* Base */,
			);
			name = LaunchScreen.storyboard;
			sourceTree = "<group>";
		};
/* End PBXVariantGroup section */

/* Begin XCBuildConfiguration section */
		D698C6371BE04D3600049AC3 /* Debug */ = {
			isa = XCBuildConfiguration;
			buildSettings = {
				ALWAYS_SEARCH_USER_PATHS = NO;
				CLANG_CXX_LANGUAGE_STANDARD = "gnu++0x";
				CLANG_CXX_LIBRARY = "libc++";
				CLANG_ENABLE_MODULES = YES;
				CLANG_ENABLE_OBJC_ARC = YES;
				CLANG_WARN_BOOL_CONVERSION = YES;
				CLANG_WARN_CONSTANT_CONVERSION = YES;
				CLANG_WARN_DIRECT_OBJC_ISA_USAGE = YES_ERROR;
				CLANG_WARN_EMPTY_BODY = YES;
				CLANG_WARN_ENUM_CONVERSION = YES;
				CLANG_WARN_INT_CONVERSION = YES;
				CLANG_WARN_OBJC_ROOT_CLASS = YES_ERROR;
				CLANG_WARN_UNREACHABLE_CODE = YES;
				CLANG_WARN__DUPLICATE_METHOD_MATCH = YES;
				"CODE_SIGN_IDENTITY[sdk=iphoneos*]" = "iPhone Developer";
				COPY_PHASE_STRIP = NO;
				DEBUG_INFORMATION_FORMAT = dwarf;
				ENABLE_STRICT_OBJC_MSGSEND = YES;
				ENABLE_TESTABILITY = YES;
				GCC_C_LANGUAGE_STANDARD = gnu99;
				GCC_DYNAMIC_NO_PIC = NO;
				GCC_NO_COMMON_BLOCKS = YES;
				GCC_OPTIMIZATION_LEVEL = 0;
				GCC_PREPROCESSOR_DEFINITIONS = (
					"DEBUG=1",
					"$(inherited)",
				);
				GCC_WARN_64_TO_32_BIT_CONVERSION = YES;
				GCC_WARN_ABOUT_RETURN_TYPE = YES_ERROR;
				GCC_WARN_UNDECLARED_SELECTOR = YES;
				GCC_WARN_UNINITIALIZED_AUTOS = YES_AGGRESSIVE;
				GCC_WARN_UNUSED_FUNCTION = YES;
				GCC_WARN_UNUSED_VARIABLE = YES;
				IPHONEOS_DEPLOYMENT_TARGET = 9.1;
				MTL_ENABLE_DEBUG_INFO = YES;
				ONLY_ACTIVE_ARCH = YES;
				SDKROOT = iphoneos;
				SWIFT_OPTIMIZATION_LEVEL = "-Onone";
			};
			name = Debug;
		};
		D698C6381BE04D3600049AC3 /* Release */ = {
			isa = XCBuildConfiguration;
			buildSettings = {
				ALWAYS_SEARCH_USER_PATHS = NO;
				CLANG_CXX_LANGUAGE_STANDARD = "gnu++0x";
				CLANG_CXX_LIBRARY = "libc++";
				CLANG_ENABLE_MODULES = YES;
				CLANG_ENABLE_OBJC_ARC = YES;
				CLANG_WARN_BOOL_CONVERSION = YES;
				CLANG_WARN_CONSTANT_CONVERSION = YES;
				CLANG_WARN_DIRECT_OBJC_ISA_USAGE = YES_ERROR;
				CLANG_WARN_EMPTY_BODY = YES;
				CLANG_WARN_ENUM_CONVERSION = YES;
				CLANG_WARN_INT_CONVERSION = YES;
				CLANG_WARN_OBJC_ROOT_CLASS = YES_ERROR;
				CLANG_WARN_UNREACHABLE_CODE = YES;
				CLANG_WARN__DUPLICATE_METHOD_MATCH = YES;
				"CODE_SIGN_IDENTITY[sdk=iphoneos*]" = "iPhone Developer";
				COPY_PHASE_STRIP = NO;
				DEBUG_INFORMATION_FORMAT = "dwarf-with-dsym";
				ENABLE_NS_ASSERTIONS = NO;
				ENABLE_STRICT_OBJC_MSGSEND = YES;
				GCC_C_LANGUAGE_STANDARD = gnu99;
				GCC_NO_COMMON_BLOCKS = YES;
				GCC_WARN_64_TO_32_BIT_CONVERSION = YES;
				GCC_WARN_ABOUT_RETURN_TYPE = YES_ERROR;
				GCC_WARN_UNDECLARED_SELECTOR = YES;
				GCC_WARN_UNINITIALIZED_AUTOS = YES_AGGRESSIVE;
				GCC_WARN_UNUSED_FUNCTION = YES;
				GCC_WARN_UNUSED_VARIABLE = YES;
				IPHONEOS_DEPLOYMENT_TARGET = 9.1;
				MTL_ENABLE_DEBUG_INFO = NO;
				SDKROOT = iphoneos;
				VALIDATE_PRODUCT = YES;
			};
			name = Release;
		};
		D698C63A1BE04D3600049AC3 /* Debug */ = {
			isa = XCBuildConfiguration;
			buildSettings = {
				ASSETCATALOG_COMPILER_APPICON_NAME = AppIcon;
				INFOPLIST_FILE = GuessTheNumber/Info.plist;
				LD_RUNPATH_SEARCH_PATHS = "$(inherited) @executable_path/Frameworks";
				PRODUCT_BUNDLE_IDENTIFIER = com.Kodyw.GuessTheNumber;
				PRODUCT_NAME = "$(TARGET_NAME)";
			};
			name = Debug;
		};
		D698C63B1BE04D3600049AC3 /* Release */ = {
			isa = XCBuildConfiguration;
			buildSettings = {
				ASSETCATALOG_COMPILER_APPICON_NAME = AppIcon;
				INFOPLIST_FILE = GuessTheNumber/Info.plist;
				LD_RUNPATH_SEARCH_PATHS = "$(inherited) @executable_path/Frameworks";
				PRODUCT_BUNDLE_IDENTIFIER = com.Kodyw.GuessTheNumber;
				PRODUCT_NAME = "$(TARGET_NAME)";
			};
			name = Release;
		};
/* End XCBuildConfiguration section */

/* Begin XCConfigurationList section */
		D698C6221BE04D3600049AC3 /* Build configuration list for PBXProject "GuessTheNumber" */ = {
			isa = XCConfigurationList;
			buildConfigurations = (
				D698C6371BE04D3600049AC3 /* Debug */,
				D698C6381BE04D3600049AC3 /* Release */,
			);
			defaultConfigurationIsVisible = 0;
			defaultConfigurationName = Release;
		};
		D698C6391BE04D3600049AC3 /* Build configuration list for PBXNativeTarget "GuessTheNumber" */ = {
			isa = XCConfigurationList;
			buildConfigurations = (
				D698C63A1BE04D3600049AC3 /* Debug */,
				D698C63B1BE04D3600049AC3 /* Release */,
			);
			defaultConfigurationIsVisible = 0;
		};
/* End XCConfigurationList section */
	};
	rootObject = D698C61F1BE04D3600049AC3 /* Project object */;
}
