// !$*UTF8*$!
{
	archiveVersion = 1;
	classes = {
	};
	objectVersion = 46;
	objects = {

/* Begin PBXBuildFile section */
		D64C47931BE85203004DCD22 /* AppDelegate.swift in Sources */ = {isa = PBXBuildFile; fileRef = D64C47921BE85203004DCD22 /* AppDelegate.swift */; };
		D64C47951BE85203004DCD22 /* ViewController.swift in Sources */ = {isa = PBXBuildFile; fileRef = D64C47941BE85203004DCD22 /* ViewController.swift */; };
		D64C47981BE85203004DCD22 /* Main.storyboard in Resources */ = {isa = PBXBuildFile; fileRef = D64C47961BE85203004DCD22 /* Main.storyboard */; };
		D64C479A1BE85203004DCD22 /* Assets.xcassets in Resources */ = {isa = PBXBuildFile; fileRef = D64C47991BE85203004DCD22 /* Assets.xcassets */; };
		D64C479D1BE85203004DCD22 /* LaunchScreen.storyboard in Resources */ = {isa = PBXBuildFile; fileRef = D64C479B1BE85203004DCD22 /* LaunchScreen.storyboard */; };
/* End PBXBuildFile section */

/* Begin PBXFileReference section */
		D64C478F1BE85203004DCD22 /* Is It Prime.app */ = {isa = PBXFileReference; explicitFileType = wrapper.application; includeInIndex = 0; path = "Is It Prime.app"; sourceTree = BUILT_PRODUCTS_DIR; };
		D64C47921BE85203004DCD22 /* AppDelegate.swift */ = {isa = PBXFileReference; lastKnownFileType = sourcecode.swift; path = AppDelegate.swift; sourceTree = "<group>"; };
		D64C47941BE85203004DCD22 /* ViewController.swift */ = {isa = PBXFileReference; lastKnownFileType = sourcecode.swift; path = ViewController.swift; sourceTree = "<group>"; };
		D64C47971BE85203004DCD22 /* Base */ = {isa = PBXFileReference; lastKnownFileType = file.storyboard; name = Base; path = Base.lproj/Main.storyboard; sourceTree = "<group>"; };
		D64C47991BE85203004DCD22 /* Assets.xcassets */ = {isa = PBXFileReference; lastKnownFileType = folder.assetcatalog; path = Assets.xcassets; sourceTree = "<group>"; };
		D64C479C1BE85203004DCD22 /* Base */ = {isa = PBXFileReference; lastKnownFileType = file.storyboard; name = Base; path = Base.lproj/LaunchScreen.storyboard; sourceTree = "<group>"; };
		D64C479E1BE85203004DCD22 /* Info.plist */ = {isa = PBXFileReference; lastKnownFileType = text.plist.xml; path = Info.plist; sourceTree = "<group>"; };
/* End PBXFileReference section */

/* Begin PBXFrameworksBuildPhase section */
		D64C478C1BE85203004DCD22 /* Frameworks */ = {
			isa = PBXFrameworksBuildPhase;
			buildActionMask = 2147483647;
			files = (
			);
			runOnlyForDeploymentPostprocessing = 0;
		};
/* End PBXFrameworksBuildPhase section */

/* Begin PBXGroup section */
		D64C47861BE85203004DCD22 = {
			isa = PBXGroup;
			children = (
				D64C47911BE85203004DCD22 /* Is It Prime */,
				D64C47901BE85203004DCD22 /* Products */,
			);
			sourceTree = "<group>";
		};
		D64C47901BE85203004DCD22 /* Products */ = {
			isa = PBXGroup;
			children = (
				D64C478F1BE85203004DCD22 /* Is It Prime.app */,
			);
			name = Products;
			sourceTree = "<group>";
		};
		D64C47911BE85203004DCD22 /* Is It Prime */ = {
			isa = PBXGroup;
			children = (
				D64C47921BE85203004DCD22 /* AppDelegate.swift */,
				D64C47941BE85203004DCD22 /* ViewController.swift */,
				D64C47961BE85203004DCD22 /* Main.storyboard */,
				D64C47991BE85203004DCD22 /* Assets.xcassets */,
				D64C479B1BE85203004DCD22 /* LaunchScreen.storyboard */,
				D64C479E1BE85203004DCD22 /* Info.plist */,
			);
			path = "Is It Prime";
			sourceTree = "<group>";
		};
/* End PBXGroup section */

/* Begin PBXNativeTarget section */
		D64C478E1BE85203004DCD22 /* Is It Prime */ = {
			isa = PBXNativeTarget;
			buildConfigurationList = D64C47A11BE85203004DCD22 /* Build configuration list for PBXNativeTarget "Is It Prime" */;
			buildPhases = (
				D64C478B1BE85203004DCD22 /* Sources */,
				D64C478C1BE85203004DCD22 /* Frameworks */,
				D64C478D1BE85203004DCD22 /* Resources */,
			);
			buildRules = (
			);
			dependencies = (
			);
			name = "Is It Prime";
			productName = "Is It Prime";
			productReference = D64C478F1BE85203004DCD22 /* Is It Prime.app */;
			productType = "com.apple.product-type.application";
		};
/* End PBXNativeTarget section */

/* Begin PBXProject section */
		D64C47871BE85203004DCD22 /* Project object */ = {
			isa = PBXProject;
			attributes = {
				LastSwiftUpdateCheck = 0710;
				LastUpgradeCheck = 0710;
				ORGANIZATIONNAME = Kodyw;
				TargetAttributes = {
					D64C478E1BE85203004DCD22 = {
						CreatedOnToolsVersion = 7.1;
						DevelopmentTeam = V8383NT6BX;
					};
				};
			};
			buildConfigurationList = D64C478A1BE85203004DCD22 /* Build configuration list for PBXProject "Is It Prime" */;
			compatibilityVersion = "Xcode 3.2";
			developmentRegion = English;
			hasScannedForEncodings = 0;
			knownRegions = (
				en,
				Base,
			);
			mainGroup = D64C47861BE85203004DCD22;
			productRefGroup = D64C47901BE85203004DCD22 /* Products */;
			projectDirPath = "";
			projectRoot = "";
			targets = (
				D64C478E1BE85203004DCD22 /* Is It Prime */,
			);
		};
/* End PBXProject section */

/* Begin PBXResourcesBuildPhase section */
		D64C478D1BE85203004DCD22 /* Resources */ = {
			isa = PBXResourcesBuildPhase;
			buildActionMask = 2147483647;
			files = (
				D64C479D1BE85203004DCD22 /* LaunchScreen.storyboard in Resources */,
				D64C479A1BE85203004DCD22 /* Assets.xcassets in Resources */,
				D64C47981BE85203004DCD22 /* Main.storyboard in Resources */,
			);
			runOnlyForDeploymentPostprocessing = 0;
		};
/* End PBXResourcesBuildPhase section */

/* Begin PBXSourcesBuildPhase section */
		D64C478B1BE85203004DCD22 /* Sources */ = {
			isa = PBXSourcesBuildPhase;
			buildActionMask = 2147483647;
			files = (
				D64C47951BE85203004DCD22 /* ViewController.swift in Sources */,
				D64C47931BE85203004DCD22 /* AppDelegate.swift in Sources */,
			);
			runOnlyForDeploymentPostprocessing = 0;
		};
/* End PBXSourcesBuildPhase section */

/* Begin PBXVariantGroup section */
		D64C47961BE85203004DCD22 /* Main.storyboard */ = {
			isa = PBXVariantGroup;
			children = (
				D64C47971BE85203004DCD22 /* Base */,
			);
			name = Main.storyboard;
			sourceTree = "<group>";
		};
		D64C479B1BE85203004DCD22 /* LaunchScreen.storyboard */ = {
			isa = PBXVariantGroup;
			children = (
				D64C479C1BE85203004DCD22 /* Base */,
			);
			name = LaunchScreen.storyboard;
			sourceTree = "<group>";
		};
/* End PBXVariantGroup section */

/* Begin XCBuildConfiguration section */
		D64C479F1BE85203004DCD22 /* Debug */ = {
			isa = XCBuildConfiguration;
			buildSettings = {
				ALWAYS_SEARCH_USER_PATHS = NO;
				CLANG_CXX_LANGUAGE_STANDARD = "gnu++0x";
				CLANG_CXX_LIBRARY = "libc++";
				CLANG_ENABLE_MODULES = YES;
				CLANG_ENABLE_OBJC_ARC = YES;
				CLANG_WARN_BOOL_CONVERSION = YES;
				CLANG_WARN_CONSTANT_CONVERSION = YES;
				CLANG_WARN_DIRECT_OBJC_ISA_USAGE = YES_ERROR;
				CLANG_WARN_EMPTY_BODY = YES;
				CLANG_WARN_ENUM_CONVERSION = YES;
				CLANG_WARN_INT_CONVERSION = YES;
				CLANG_WARN_OBJC_ROOT_CLASS = YES_ERROR;
				CLANG_WARN_UNREACHABLE_CODE = YES;
				CLANG_WARN__DUPLICATE_METHOD_MATCH = YES;
				"CODE_SIGN_IDENTITY[sdk=iphoneos*]" = "iPhone Developer";
				COPY_PHASE_STRIP = NO;
				DEBUG_INFORMATION_FORMAT = dwarf;
				ENABLE_STRICT_OBJC_MSGSEND = YES;
				ENABLE_TESTABILITY = YES;
				GCC_C_LANGUAGE_STANDARD = gnu99;
				GCC_DYNAMIC_NO_PIC = NO;
				GCC_NO_COMMON_BLOCKS = YES;
				GCC_OPTIMIZATION_LEVEL = 0;
				GCC_PREPROCESSOR_DEFINITIONS = (
					"DEBUG=1",
					"$(inherited)",
				);
				GCC_WARN_64_TO_32_BIT_CONVERSION = YES;
				GCC_WARN_ABOUT_RETURN_TYPE = YES_ERROR;
				GCC_WARN_UNDECLARED_SELECTOR = YES;
				GCC_WARN_UNINITIALIZED_AUTOS = YES_AGGRESSIVE;
				GCC_WARN_UNUSED_FUNCTION = YES;
				GCC_WARN_UNUSED_VARIABLE = YES;
				IPHONEOS_DEPLOYMENT_TARGET = 9.1;
				MTL_ENABLE_DEBUG_INFO = YES;
				ONLY_ACTIVE_ARCH = YES;
				SDKROOT = iphoneos;
				SWIFT_OPTIMIZATION_LEVEL = "-Onone";
			};
			name = Debug;
		};
		D64C47A01BE85203004DCD22 /* Release */ = {
			isa = XCBuildConfiguration;
			buildSettings = {
				ALWAYS_SEARCH_USER_PATHS = NO;
				CLANG_CXX_LANGUAGE_STANDARD = "gnu++0x";
				CLANG_CXX_LIBRARY = "libc++";
				CLANG_ENABLE_MODULES = YES;
				CLANG_ENABLE_OBJC_ARC = YES;
				CLANG_WARN_BOOL_CONVERSION = YES;
				CLANG_WARN_CONSTANT_CONVERSION = YES;
				CLANG_WARN_DIRECT_OBJC_ISA_USAGE = YES_ERROR;
				CLANG_WARN_EMPTY_BODY = YES;
				CLANG_WARN_ENUM_CONVERSION = YES;
				CLANG_WARN_INT_CONVERSION = YES;
				CLANG_WARN_OBJC_ROOT_CLASS = YES_ERROR;
				CLANG_WARN_UNREACHABLE_CODE = YES;
				CLANG_WARN__DUPLICATE_METHOD_MATCH = YES;
				"CODE_SIGN_IDENTITY[sdk=iphoneos*]" = "iPhone Developer";
				COPY_PHASE_STRIP = NO;
				DEBUG_INFORMATION_FORMAT = "dwarf-with-dsym";
				ENABLE_NS_ASSERTIONS = NO;
				ENABLE_STRICT_OBJC_MSGSEND = YES;
				GCC_C_LANGUAGE_STANDARD = gnu99;
				GCC_NO_COMMON_BLOCKS = YES;
				GCC_WARN_64_TO_32_BIT_CONVERSION = YES;
				GCC_WARN_ABOUT_RETURN_TYPE = YES_ERROR;
				GCC_WARN_UNDECLARED_SELECTOR = YES;
				GCC_WARN_UNINITIALIZED_AUTOS = YES_AGGRESSIVE;
				GCC_WARN_UNUSED_FUNCTION = YES;
				GCC_WARN_UNUSED_VARIABLE = YES;
				IPHONEOS_DEPLOYMENT_TARGET = 9.1;
				MTL_ENABLE_DEBUG_INFO = NO;
				SDKROOT = iphoneos;
				VALIDATE_PRODUCT = YES;
			};
			name = Release;
		};
		D64C47A21BE85203004DCD22 /* Debug */ = {
			isa = XCBuildConfiguration;
			buildSettings = {
				ASSETCATALOG_COMPILER_APPICON_NAME = AppIcon;
				INFOPLIST_FILE = "Is It Prime/Info.plist";
				LD_RUNPATH_SEARCH_PATHS = "$(inherited) @executable_path/Frameworks";
				PRODUCT_BUNDLE_IDENTIFIER = "com.Kodyw.Is-It-Prime";
				PRODUCT_NAME = "$(TARGET_NAME)";
			};
			name = Debug;
		};
		D64C47A31BE85203004DCD22 /* Release */ = {
			isa = XCBuildConfiguration;
			buildSettings = {
				ASSETCATALOG_COMPILER_APPICON_NAME = AppIcon;
				INFOPLIST_FILE = "Is It Prime/Info.plist";
				LD_RUNPATH_SEARCH_PATHS = "$(inherited) @executable_path/Frameworks";
				PRODUCT_BUNDLE_IDENTIFIER = "com.Kodyw.Is-It-Prime";
				PRODUCT_NAME = "$(TARGET_NAME)";
			};
			name = Release;
		};
/* End XCBuildConfiguration section */

/* Begin XCConfigurationList section */
		D64C478A1BE85203004DCD22 /* Build configuration list for PBXProject "Is It Prime" */ = {
			isa = XCConfigurationList;
			buildConfigurations = (
				D64C479F1BE85203004DCD22 /* Debug */,
				D64C47A01BE85203004DCD22 /* Release */,
			);
			defaultConfigurationIsVisible = 0;
			defaultConfigurationName = Release;
		};
		D64C47A11BE85203004DCD22 /* Build configuration list for PBXNativeTarget "Is It Prime" */ = {
			isa = XCConfigurationList;
			buildConfigurations = (
				D64C47A21BE85203004DCD22 /* Debug */,
				D64C47A31BE85203004DCD22 /* Release */,
			);
			defaultConfigurationIsVisible = 0;
		};
/* End XCConfigurationList section */
	};
	rootObject = D64C47871BE85203004DCD22 /* Project object */;
}
